version = 1
revision = 3
requires-python = "==3.12.*"
resolution-markers = [
    "extra != 'extra-22-llm-zero-to-one-runner-cpu' and extra == 'extra-22-llm-zero-to-one-runner-gpu'",
    "sys_platform != 'darwin' and extra == 'extra-22-llm-zero-to-one-runner-cpu' and extra != 'extra-22-llm-zero-to-one-runner-gpu'",
    "sys_platform == 'darwin' and extra == 'extra-22-llm-zero-to-one-runner-cpu' and extra != 'extra-22-llm-zero-to-one-runner-gpu'",
    "extra != 'extra-22-llm-zero-to-one-runner-cpu' and extra != 'extra-22-llm-zero-to-one-runner-gpu'",
]
conflicts = [[
    { package = "llm-zero-to-one-runner", extra = "cpu" },
    { package = "llm-zero-to-one-runner", extra = "gpu" },
]]

[[package]]
name = "colorama"
version = "0.4.6"
source = { registry = "https://download.pytorch.org/whl/cu128" }
wheels = [
    { url = "https://download.pytorch.org/whl/colorama-0.4.6-py2.py3-none-any.whl", hash = "sha256:4f1d9991f5acc0ca119f9d443620b77f9d6b33703e51011c16baf57afb285fc6", upload-time = "2023-10-05T23:50:34Z" },
]

[[package]]
name = "filelock"
version = "3.20.0"
source = { registry = "https://download.pytorch.org/whl/cu128" }
sdist = { url = "https://files.pythonhosted.org/packages/58/46/0028a82567109b5ef6e4d2a1f04a583fb513e6cf9527fcdd09afd817deeb/filelock-3.20.0.tar.gz", hash = "sha256:711e943b4ec6be42e1d4e6690b48dc175c822967466bb31c0c293f34334c13f4" }
wheels = [
    { url = "https://files.pythonhosted.org/packages/76/91/7216b27286936c16f5b4d0c530087e4a54eead683e6b0b73dd0c64844af6/filelock-3.20.0-py3-none-any.whl", hash = "sha256:339b4732ffda5cd79b13f4e2711a31b0365ce445d95d243bb996273d072546a2" },
]

[[package]]
name = "fsspec"
version = "2026.7.0"
source = { registry = "https://download.pytorch.org/whl/cu128" }
sdist = { url = "https://files.pythonhosted.org/packages/00/78/f34251dadb8f3921264a1d9b8946f5e542014ee2614b285261b4e40e6775/fsspec-2026.7.0.tar.gz", hash = "sha256:c803c40f4cf860b49dea58ee3e1c33cb9c790520e233537e1340049f89b82a88" }
wheels = [
    { url = "https://files.pythonhosted.org/packages/fd/3c/6a2bf344106328fd04963664a60b9bb6496fc25df8e962fcdc1367285fb9/fsspec-2026.7.0-py3-none-any.whl", hash = "sha256:b57ddbafedfaef7018c1ecab32aa200a9d7ca26b77965f64e48b70061249d279" },
]

[[package]]
name = "iniconfig"
version = "2.3.0"
source = { registry = "https://pypi.org/simple" }
sdist = { url = "https://files.pythonhosted.org/packages/72/34/14ca021ce8e5dfedc35312d08ba8bf51fdd999c576889fc2c24cb97f4f10/iniconfig-2.3.0.tar.gz", hash = "sha256:c76315c77db068650d49c5b56314774a7804df16fee4402c1f19d6d15d8c4730", size = 20503, upload-time = "2025-10-18T21:55:43.219Z" }
wheels = [
    { url = "https://files.pythonhosted.org/packages/cb/b1/3846dd7f199d53cb17f49cba7e651e9ce294d8497c8c150530ed11865bb8/iniconfig-2.3.0-py3-none-any.whl", hash = "sha256:f631c04d2c48c52b84d0d0549c99ff3859c98df65b3101406327ecc7d53fbf12", size = 7484, upload-time = "2025-10-18T21:55:41.639Z" },
]

[[package]]
name = "jinja2"
version = "3.1.6"
source = { registry = "https://download.pytorch.org/whl/cu128" }
dependencies = [
    { name = "markupsafe" },
]
wheels = [
    { url = "https://download.pytorch.org/whl/jinja2-3.1.6-py3-none-any.whl", upload-time = "2025-10-14T18:38:59Z" },
]

[[package]]
name = "llm-zero-to-one-runner"
version = "0.1.0"
source = { virtual = "." }
dependencies = [
    { name = "filelock" },
    { name = "torch", version = "2.9.1", source = { registry = "https://download.pytorch.org/whl/cpu" }, marker = "(sys_platform == 'darwin' and extra == 'extra-22-llm-zero-to-one-runner-cpu') or (extra == 'extra-22-llm-zero-to-one-runner-cpu' and extra == 'extra-22-llm-zero-to-one-runner-gpu')" },
    { name = "torch", version = "2.9.1+cpu", source = { registry = "https://download.pytorch.org/whl/cpu" }, marker = "(sys_platform != 'darwin' and extra == 'extra-22-llm-zero-to-one-runner-cpu') or (extra == 'extra-22-llm-zero-to-one-runner-cpu' and extra == 'extra-22-llm-zero-to-one-runner-gpu')" },
    { name = "torch", version = "2.9.1+cu128", source = { registry = "https://download.pytorch.org/whl/cu128" }, marker = "extra == 'extra-22-llm-zero-to-one-runner-gpu' or extra != 'extra-22-llm-zero-to-one-runner-cpu'" },
]

[package.optional-dependencies]
cpu = [
    { name = "torch", version = "2.9.1", source = { registry = "https://download.pytorch.org/whl/cpu" }, marker = "(sys_platform == 'darwin' and extra == 'extra-22-llm-zero-to-one-runner-cpu') or (extra == 'extra-22-llm-zero-to-one-runner-cpu' and extra == 'extra-22-llm-zero-to-one-runner-gpu')" },
    { name = "torch", version = "2.9.1+cpu", source = { registry = "https://download.pytorch.org/whl/cpu" }, marker = "(sys_platform != 'darwin' and extra == 'extra-22-llm-zero-to-one-runner-cpu') or (extra == 'extra-22-llm-zero-to-one-runner-cpu' and extra == 'extra-22-llm-zero-to-one-runner-gpu')" },
]
gpu = [
    { name = "torch", version = "2.9.1+cu128", source = { registry = "https://download.pytorch.org/whl/cu128" } },
]

[package.dev-dependencies]
dev = [
    { name = "pytest" },
]

[package.metadata]
requires-dist = [
    { name = "filelock", specifier = "==3.20.0" },
    { name = "torch", specifier = "==2.9.1" },
    { name = "torch", marker = "extra == 'cpu'", specifier = "==2.9.1", index = "https://download.pytorch.org/whl/cpu", conflict = { package = "llm-zero-to-one-runner", extra = "cpu" } },
    { name = "torch", marker = "extra == 'gpu'", specifier = "==2.9.1", index = "https://download.pytorch.org/whl/cu128", conflict = { package = "llm-zero-to-one-runner", extra = "gpu" } },
]
provides-extras = ["cpu", "gpu"]

[package.metadata.requires-dev]
dev = [{ name = "pytest", specifier = "==8.4.2" }]

[[package]]
name = "markupsafe"
version = "3.0.3"
source = { registry = "https://download.pytorch.org/whl/cu128" }
wheels = [
    { url = "https://download.pytorch.org/whl/markupsafe-3.0.3-cp312-cp312-macosx_11_0_arm64.whl", upload-time = "2026-03-27T13:54:33Z" },
    { url = "https://download.pytorch.org/whl/markupsafe-3.0.3-cp312-cp312-manylinux2014_aarch64.manylinux_2_17_aarch64.manylinux_2_28_aarch64.whl", upload-time = "2026-03-27T13:54:33Z" },
    { url = "https://download.pytorch.org/whl/markupsafe-3.0.3-cp312-cp312-manylinux2014_x86_64.manylinux_2_17_x86_64.manylinux_2_28_x86_64.whl", upload-time = "2026-03-27T13:54:35Z" },
    { url = "https://download.pytorch.org/whl/markupsafe-3.0.3-cp312-cp312-win_amd64.whl", upload-time = "2026-03-27T13:54:35Z" },
]

[[package]]
name = "mpmath"
version = "1.3.0"
source = { registry = "https://download.pytorch.org/whl/cu128" }
sdist = { url = "https://files.pythonhosted.org/packages/e0/47/dd32fa426cc72114383ac549964eecb20ecfd886d1e5ccf5340b55b02f57/mpmath-1.3.0.tar.gz", hash = "sha256:7a28eb2a9774d00c7bc92411c19a89209d5da7c4c9a9e227be8330a23a25b91f" }
wheels = [
    { url = "https://files.pythonhosted.org/packages/43/e3/7d92a15f894aa0c9c4b49b8ee9ac9850d6e63b03c9c32c0367a13ae62209/mpmath-1.3.0-py3-none-any.whl", hash = "sha256:a0b2b9fe80bbcd81a6647ff13108738cfb482d481d826cc0e02f5b35e5c88d2c" },
]

[[package]]
name = "networkx"
version = "3.6.1"
source = { registry = "https://download.pytorch.org/whl/cu128" }
sdist = { url = "https://files.pythonhosted.org/packages/6a/51/63fe664f3908c97be9d2e4f1158eb633317598cfa6e1fc14af5383f17512/networkx-3.6.1.tar.gz", hash = "sha256:26b7c357accc0c8cde558ad486283728b65b6a95d85ee1cd66bafab4c8168509" }
wheels = [
    { url = "https://files.pythonhosted.org/packages/9e/c9/b2622292ea83fbb4ec318f5b9ab867d0a28ab43c5717bb85b0a5f6b3b0a4/networkx-3.6.1-py3-none-any.whl", hash = "sha256:d47fbf302e7d9cbbb9e2555a0d267983d2aa476bac30e90dfbe5669bd57f3762" },
]

[[package]]
name = "nvidia-cublas-cu12"
version = "12.8.4.1"
source = { registry = "https://download.pytorch.org/whl/cu128" }
wheels = [
    { url = "https://pypi.nvidia.com/nvidia-cublas-cu12/nvidia_cublas_cu12-12.8.4.1-py3-none-manylinux_2_27_aarch64.whl", hash = "sha256:b86f6dd8935884615a0683b663891d43781b819ac4f2ba2b0c9604676af346d0" },
    { url = "https://pypi.nvidia.com/nvidia-cublas-cu12/nvidia_cublas_cu12-12.8.4.1-py3-none-manylinux_2_27_x86_64.whl", hash = "sha256:8ac4e771d5a348c551b2a426eda6193c19aa630236b418086020df5ba9667142" },
    { url = "https://pypi.nvidia.com/nvidia-cublas-cu12/nvidia_cublas_cu12-12.8.4.1-py3-none-win_amd64.whl", hash = "sha256:47e9b82132fa8d2b4944e708049229601448aaad7e6f296f630f2d1a32de35af" },
]

[[package]]
name = "nvidia-cuda-cupti-cu12"
version = "12.8.90"
source = { registry = "https://download.pytorch.org/whl/cu128" }
wheels = [
    { url = "https://pypi.nvidia.com/nvidia-cuda-cupti-cu12/nvidia_cuda_cupti_cu12-12.8.90-py3-none-manylinux2014_aarch64.manylinux_2_17_aarch64.whl", hash = "sha256:4412396548808ddfed3f17a467b104ba7751e6b58678a4b840675c56d21cf7ed" },
    { url = "https://pypi.nvidia.com/nvidia-cuda-cupti-cu12/nvidia_cuda_cupti_cu12-12.8.90-py3-none-manylinux2014_x86_64.manylinux_2_17_x86_64.whl", hash = "sha256:ea0cb07ebda26bb9b29ba82cda34849e73c166c18162d3913575b0c9db9a6182" },
    { url = "https://pypi.nvidia.com/nvidia-cuda-cupti-cu12/nvidia_cuda_cupti_cu12-12.8.90-py3-none-win_amd64.whl", hash = "sha256:bb479dcdf7e6d4f8b0b01b115260399bf34154a1a2e9fe11c85c517d87efd98e" },
]

[[package]]
name = "nvidia-cuda-nvrtc-cu12"
version = "12.8.93"
source = { registry = "https://download.pytorch.org/whl/cu128" }
wheels = [
    { url = "https://pypi.nvidia.com/nvidia-cuda-nvrtc-cu12/nvidia_cuda_nvrtc_cu12-12.8.93-py3-none-manylinux2010_x86_64.manylinux_2_12_x86_64.whl", hash = "sha256:a7756528852ef889772a84c6cd89d41dfa74667e24cca16bb31f8f061e3e9994" },
    { url = "https://pypi.nvidia.com/nvidia-cuda-nvrtc-cu12/nvidia_cuda_nvrtc_cu12-12.8.93-py3-none-manylinux2014_aarch64.manylinux_2_17_aarch64.whl", hash = "sha256:fc1fec1e1637854b4c0a65fb9a8346b51dd9ee69e61ebaccc82058441f15bce8" },
    { url = "https://pypi.nvidia.com/nvidia-cuda-nvrtc-cu12/nvidia_cuda_nvrtc_cu12-12.8.93-py3-none-win_amd64.whl", hash = "sha256:7a4b6b2904850fe78e0bd179c4b655c404d4bb799ef03ddc60804247099ae909" },
]

[[package]]
name = "nvidia-cuda-runtime-cu12"
version = "12.8.90"
source = { registry = "https://download.pytorch.org/whl/cu128" }
wheels = [
    { url = "https://pypi.nvidia.com/nvidia-cuda-runtime-cu12/nvidia_cuda_runtime_cu12-12.8.90-py3-none-manylinux2014_aarch64.manylinux_2_17_aarch64.whl", hash = "sha256:52bf7bbee900262ffefe5e9d5a2a69a30d97e2bc5bb6cc866688caa976966e3d" },
    { url = "https://pypi.nvidia.com/nvidia-cuda-runtime-cu12/nvidia_cuda_runtime_cu12-12.8.90-py3-none-manylinux2014_x86_64.manylinux_2_17_x86_64.whl", hash = "sha256:adade8dcbd0edf427b7204d480d6066d33902cab2a4707dcfc48a2d0fd44ab90" },
    { url = "https://pypi.nvidia.com/nvidia-cuda-runtime-cu12/nvidia_cuda_runtime_cu12-12.8.90-py3-none-win_amd64.whl", hash = "sha256:c0c6027f01505bfed6c3b21ec546f69c687689aad5f1a377554bc6ca4aa993a8" },
]

[[package]]
name = "nvidia-cudnn-cu12"
version = "9.10.2.21"
source = { registry = "https://download.pytorch.org/whl/cu128" }
dependencies = [
    { name = "nvidia-cublas-cu12" },
]
wheels = [
    { url = "https://pypi.nvidia.com/nvidia-cudnn-cu12/nvidia_cudnn_cu12-9.10.2.21-py3-none-manylinux_2_27_aarch64.whl", hash = "sha256:c9132cc3f8958447b4910a1720036d9eff5928cc3179b0a51fb6d167c6cc87d8" },
    { url = "https://pypi.nvidia.com/nvidia-cudnn-cu12/nvidia_cudnn_cu12-9.10.2.21-py3-none-manylinux_2_27_x86_64.whl", hash = "sha256:949452be657fa16687d0930933f032835951ef0892b37d2d53824d1a84dc97a8" },
    { url = "https://pypi.nvidia.com/nvidia-cudnn-cu12/nvidia_cudnn_cu12-9.10.2.21-py3-none-win_amd64.whl", hash = "sha256:c6288de7d63e6cf62988f0923f96dc339cea362decb1bf5b3141883392a7d65e" },
]

[[package]]
name = "nvidia-cufft-cu12"
version = "11.3.3.83"
source = { registry = "https://download.pytorch.org/whl/cu128" }
dependencies = [
    { name = "nvidia-nvjitlink-cu12" },
]
wheels = [
    { url = "https://pypi.nvidia.com/nvidia-cufft-cu12/nvidia_cufft_cu12-11.3.3.83-py3-none-manylinux2014_aarch64.manylinux_2_17_aarch64.whl", hash = "sha256:848ef7224d6305cdb2a4df928759dca7b1201874787083b6e7550dd6765ce69a" },
    { url = "https://pypi.nvidia.com/nvidia-cufft-cu12/nvidia_cufft_cu12-11.3.3.83-py3-none-manylinux2014_x86_64.manylinux_2_17_x86_64.whl", hash = "sha256:4d2dd21ec0b88cf61b62e6b43564355e5222e4a3fb394cac0db101f2dd0d4f74" },
    { url = "https://pypi.nvidia.com/nvidia-cufft-cu12/nvidia_cufft_cu12-11.3.3.83-py3-none-win_amd64.whl", hash = "sha256:7a64a98ef2a7c47f905aaf8931b69a3a43f27c55530c698bb2ed7c75c0b42cb7" },
]

[[package]]
name = "nvidia-cufile-cu12"
version = "1.13.1.3"
source = { registry = "https://download.pytorch.org/whl/cu128" }
wheels = [
    { url = "https://pypi.nvidia.com/nvidia-cufile-cu12/nvidia_cufile_cu12-1.13.1.3-py3-none-manylinux2014_x86_64.manylinux_2_17_x86_64.whl", hash = "sha256:1d069003be650e131b21c932ec3d8969c1715379251f8d23a1860554b1cb24fc" },
    { url = "https://pypi.nvidia.com/nvidia-cufile-cu12/nvidia_cufile_cu12-1.13.1.3-py3-none-manylinux_2_27_aarch64.whl", hash = "sha256:4beb6d4cce47c1a0f1013d72e02b0994730359e17801d395bdcbf20cfb3bb00a" },
]

[[package]]
name = "nvidia-curand-cu12"
version = "10.3.9.90"
source = { registry = "https://download.pytorch.org/whl/cu128" }
wheels = [
    { url = "https://pypi.nvidia.com/nvidia-curand-cu12/nvidia_curand_cu12-10.3.9.90-py3-none-manylinux_2_27_aarch64.whl", hash = "sha256:dfab99248034673b779bc6decafdc3404a8a6f502462201f2f31f11354204acd" },
    { url = "https://pypi.nvidia.com/nvidia-curand-cu12/nvidia_curand_cu12-10.3.9.90-py3-none-manylinux_2_27_x86_64.whl", hash = "sha256:b32331d4f4df5d6eefa0554c565b626c7216f87a06a4f56fab27c3b68a830ec9" },
    { url = "https://pypi.nvidia.com/nvidia-curand-cu12/nvidia_curand_cu12-10.3.9.90-py3-none-win_amd64.whl", hash = "sha256:f149a8ca457277da854f89cf282d6ef43176861926c7ac85b2a0fbd237c587ec" },
]

[[package]]
name = "nvidia-cusolver-cu12"
version = "11.7.3.90"
source = { registry = "https://download.pytorch.org/whl/cu128" }
dependencies = [
    { name = "nvidia-cublas-cu12" },
    { name = "nvidia-cusparse-cu12" },
    { name = "nvidia-nvjitlink-cu12" },
]
wheels = [
    { url = "https://pypi.nvidia.com/nvidia-cusolver-cu12/nvidia_cusolver_cu12-11.7.3.90-py3-none-manylinux_2_27_aarch64.whl", hash = "sha256:db9ed69dbef9715071232caa9b69c52ac7de3a95773c2db65bdba85916e4e5c0" },
    { url = "https://pypi.nvidia.com/nvidia-cusolver-cu12/nvidia_cusolver_cu12-11.7.3.90-py3-none-manylinux_2_27_x86_64.whl", hash = "sha256:4376c11ad263152bd50ea295c05370360776f8c3427b30991df774f9fb26c450" },
    { url = "https://pypi.nvidia.com/nvidia-cusolver-cu12/nvidia_cusolver_cu12-11.7.3.90-py3-none-win_amd64.whl", hash = "sha256:4a550db115fcabc4d495eb7d39ac8b58d4ab5d8e63274d3754df1c0ad6a22d34" },
]

[[package]]
name = "nvidia-cusparse-cu12"
version = "12.5.8.93"
source = { registry = "https://download.pytorch.org/whl/cu128" }
dependencies = [
    { name = "nvidia-nvjitlink-cu12" },
]
wheels = [
    { url = "https://pypi.nvidia.com/nvidia-cusparse-cu12/nvidia_cusparse_cu12-12.5.8.93-py3-none-manylinux2014_aarch64.manylinux_2_17_aarch64.whl", hash = "sha256:9b6c161cb130be1a07a27ea6923df8141f3c295852f4b260c65f18f3e0a091dc" },
    { url = "https://pypi.nvidia.com/nvidia-cusparse-cu12/nvidia_cusparse_cu12-12.5.8.93-py3-none-manylinux2014_x86_64.manylinux_2_17_x86_64.whl", hash = "sha256:1ec05d76bbbd8b61b06a80e1eaf8cf4959c3d4ce8e711b65ebd0443bb0ebb13b" },
    { url = "https://pypi.nvidia.com/nvidia-cusparse-cu12/nvidia_cusparse_cu12-12.5.8.93-py3-none-win_amd64.whl", hash = "sha256:9a33604331cb2cac199f2e7f5104dfbb8a5a898c367a53dfda9ff2acb6b6b4dd" },
]

[[package]]
name = "nvidia-cusparselt-cu12"
version = "0.7.1"
source = { registry = "https://download.pytorch.org/whl/cu128" }
wheels = [
    { url = "https://pypi.nvidia.com/nvidia-cusparselt-cu12/nvidia_cusparselt_cu12-0.7.1-py3-none-manylinux2014_aarch64.whl", hash = "sha256:8878dce784d0fac90131b6817b607e803c36e629ba34dc5b433471382196b6a5" },
    { url = "https://pypi.nvidia.com/nvidia-cusparselt-cu12/nvidia_cusparselt_cu12-0.7.1-py3-none-manylinux2014_x86_64.whl", hash = "sha256:f1bb701d6b930d5a7cea44c19ceb973311500847f81b634d802b7b539dc55623" },
    { url = "https://pypi.nvidia.com/nvidia-cusparselt-cu12/nvidia_cusparselt_cu12-0.7.1-py3-none-win_amd64.whl", hash = "sha256:f67fbb5831940ec829c9117b7f33807db9f9678dc2a617fbe781cac17b4e1075" },
]

[[package]]
name = "nvidia-nccl-cu12"
version = "2.27.5"
source = { registry = "https://download.pytorch.org/whl/cu128" }
wheels = [
    { url = "https://pypi.nvidia.com/nvidia-nccl-cu12/nvidia_nccl_cu12-2.27.5-py3-none-manylinux2014_aarch64.manylinux_2_17_aarch64.whl", hash = "sha256:31432ad4d1fb1004eb0c56203dc9bc2178a1ba69d1d9e02d64a6938ab5e40e7a" },
    { url = "https://pypi.nvidia.com/nvidia-nccl-cu12/nvidia_nccl_cu12-2.27.5-py3-none-manylinux2014_x86_64.manylinux_2_17_x86_64.whl", hash = "sha256:ad730cf15cb5d25fe849c6e6ca9eb5b76db16a80f13f425ac68d8e2e55624457" },
]

[[package]]
name = "nvidia-nvjitlink-cu12"
version = "12.8.93"
source = { registry = "https://download.pytorch.org/whl/cu128" }
wheels = [
    { url = "https://pypi.nvidia.com/nvidia-nvjitlink-cu12/nvidia_nvjitlink_cu12-12.8.93-py3-none-manylinux2010_x86_64.manylinux_2_12_x86_64.whl", hash = "sha256:81ff63371a7ebd6e6451970684f916be2eab07321b73c9d244dc2b4da7f73b88" },
    { url = "https://pypi.nvidia.com/nvidia-nvjitlink-cu12/nvidia_nvjitlink_cu12-12.8.93-py3-none-manylinux2014_aarch64.manylinux_2_17_aarch64.whl", hash = "sha256:adccd7161ace7261e01bb91e44e88da350895c270d23f744f0820c818b7229e7" },
    { url = "https://pypi.nvidia.com/nvidia-nvjitlink-cu12/nvidia_nvjitlink_cu12-12.8.93-py3-none-win_amd64.whl", hash = "sha256:bd93fbeeee850917903583587f4fc3a4eafa022e34572251368238ab5e6bd67f" },
]

[[package]]
name = "nvidia-nvshmem-cu12"
version = "3.3.20"
source = { registry = "https://download.pytorch.org/whl/cu128" }
wheels = [
    { url = "https://pypi.nvidia.com/nvidia-nvshmem-cu12/nvidia_nvshmem_cu12-3.3.20-py3-none-manylinux2014_aarch64.manylinux_2_17_aarch64.whl", hash = "sha256:0b0b960da3842212758e4fa4696b94f129090b30e5122fea3c5345916545cff0" },
    { url = "https://pypi.nvidia.com/nvidia-nvshmem-cu12/nvidia_nvshmem_cu12-3.3.20-py3-none-manylinux2014_x86_64.manylinux_2_17_x86_64.whl", hash = "sha256:d00f26d3f9b2e3c3065be895e3059d6479ea5c638a3f38c9fec49b1b9dd7c1e5" },
]

[[package]]
name = "nvidia-nvtx-cu12"
version = "12.8.90"
source = { registry = "https://download.pytorch.org/whl/cu128" }
wheels = [
    { url = "https://pypi.nvidia.com/nvidia-nvtx-cu12/nvidia_nvtx_cu12-12.8.90-py3-none-manylinux2014_aarch64.manylinux_2_17_aarch64.whl", hash = "sha256:d7ad891da111ebafbf7e015d34879f7112832fc239ff0d7d776b6cb685274615" },
    { url = "https://pypi.nvidia.com/nvidia-nvtx-cu12/nvidia_nvtx_cu12-12.8.90-py3-none-manylinux2014_x86_64.manylinux_2_17_x86_64.whl", hash = "sha256:5b17e2001cc0d751a5bc2c6ec6d26ad95913324a4adb86788c944f8ce9ba441f" },
    { url = "https://pypi.nvidia.com/nvidia-nvtx-cu12/nvidia_nvtx_cu12-12.8.90-py3-none-win_amd64.whl", hash = "sha256:619c8304aedc69f02ea82dd244541a83c3d9d40993381b3b590f1adaed3db41e" },
]

[[package]]
name = "packaging"
version = "24.1"
source = { registry = "https://download.pytorch.org/whl/cu128" }
wheels = [
    { url = "https://download.pytorch.org/whl/packaging-24.1-py3-none-any.whl", hash = "sha256:5b8f2217dbdbd2f7f384c41c628544e6d52f2d0f53c6d0c3ea61aa5d1d7ff124", upload-time = "2024-10-29T23:48:01Z" },
]

[[package]]
name = "pluggy"
version = "1.6.0"
source = { registry = "https://pypi.org/simple" }
sdist = { url = "https://files.pythonhosted.org/packages/f9/e2/3e91f31a7d2b083fe6ef3fa267035b518369d9511ffab804f839851d2779/pluggy-1.6.0.tar.gz", hash = "sha256:7dcc130b76258d33b90f61b658791dede3486c3e6bfb003ee5c9bfb396dd22f3", size = 69412, upload-time = "2025-05-15T12:30:07.975Z" }
wheels = [
    { url = "https://files.pythonhosted.org/packages/54/20/4d324d65cc6d9205fabedc306948156824eb9f0ee1633355a8f7ec5c66bf/pluggy-1.6.0-py3-none-any.whl", hash = "sha256:e920276dd6813095e9377c0bc5566d94c932c33b27a3e3945d8389c374dd4746", size = 20538, upload-time = "2025-05-15T12:30:06.134Z" },
]

[[package]]
name = "pygments"
version = "2.21.0"
source = { registry = "https://pypi.org/simple" }
sdist = { url = "https://files.pythonhosted.org/packages/49/2e/ced460408999b33da6b31b0021b0f37d329e202d4169aeb164493778f25b/pygments-2.21.0.tar.gz", hash = "sha256:610ca751c9bc2492b38eb9a38a7fbc93edbbb2d7182edaf34e66ae493dee5c8c", size = 5005329, upload-time = "2026-08-17T08:02:48.824Z" }
wheels = [
    { url = "https://files.pythonhosted.org/packages/71/46/17f022dd3e953bf20a04a028a21ec746d942f8d2af30fa0f124fa0e6a684/pygments-2.21.0-py3-none-any.whl", hash = "sha256:2363c69b61c4a97c838da3b130dcd6468f4848992b21a82f2a63ec34377137d9", size = 1250147, upload-time = "2026-08-17T08:02:44.912Z" },
]

[[package]]
name = "pytest"
version = "8.4.2"
source = { registry = "https://pypi.org/simple" }
dependencies = [
    { name = "colorama", marker = "sys_platform == 'win32' or (extra == 'extra-22-llm-zero-to-one-runner-cpu' and extra == 'extra-22-llm-zero-to-one-runner-gpu')" },
    { name = "iniconfig" },
    { name = "packaging" },
    { name = "pluggy" },
    { name = "pygments" },
]
sdist = { url = "https://files.pythonhosted.org/packages/a3/5c/00a0e072241553e1a7496d638deababa67c5058571567b92a7eaa258397c/pytest-8.4.2.tar.gz", hash = "sha256:86c0d0b93306b961d58d62a4db4879f27fe25513d4b969df351abdddb3c30e01", size = 1519618, upload-time = "2025-09-04T14:34:22.711Z" }
wheels = [
    { url = "https://files.pythonhosted.org/packages/a8/a4/20da314d277121d6534b3a980b29035dcd51e6744bd79075a6ce8fa4eb8d/pytest-8.4.2-py3-none-any.whl", hash = "sha256:872f880de3fc3a5bdc88a11b39c9710c3497a547cfa9320bc3c5e62fbf272e79", size = 365750, upload-time = "2025-09-04T14:34:20.226Z" },
]

[[package]]
name = "setuptools"
version = "78.1.0"
source = { registry = "https://download.pytorch.org/whl/cu128" }
sdist = { url = "https://download.pytorch.org/whl/setuptools-78.1.0.tar.gz", upload-time = "2026-07-08T13:15:22Z" }
wheels = [
    { url = "https://download.pytorch.org/whl/setuptools-78.1.0-py3-none-any.whl", upload-time = "2026-07-08T13:15:22Z" },
]

[[package]]
name = "sympy"
version = "1.14.0"
source = { registry = "https://download.pytorch.org/whl/cu128" }
dependencies = [
    { name = "mpmath" },
]
sdist = { url = "https://files.pythonhosted.org/packages/83/d3/803453b36afefb7c2bb238361cd4ae6125a569b4db67cd9e79846ba2d68c/sympy-1.14.0.tar.gz", hash = "sha256:d3d3fe8df1e5a0b42f0e7bdf50541697dbe7d23746e894990c030e2b05e72517" }
wheels = [
    { url = "https://files.pythonhosted.org/packages/a2/09/77d55d46fd61b4a135c444fc97158ef34a095e5681d0a6c10b75bf356191/sympy-1.14.0-py3-none-any.whl", hash = "sha256:e091cc3e99d2141a0ba2847328f5479b05d94a6635cb96148ccb3f34671bd8f5" },
]

[[package]]
name = "torch"
version = "2.9.1"
source = { registry = "https://download.pytorch.org/whl/cpu" }
resolution-markers = [
    "sys_platform == 'darwin'",
]
dependencies = [
    { name = "filelock", marker = "(sys_platform == 'darwin' and extra == 'extra-22-llm-zero-to-one-runner-cpu') or (extra == 'extra-22-llm-zero-to-one-runner-cpu' and extra == 'extra-22-llm-zero-to-one-runner-gpu')" },
    { name = "fsspec", marker = "(sys_platform == 'darwin' and extra == 'extra-22-llm-zero-to-one-runner-cpu') or (extra == 'extra-22-llm-zero-to-one-runner-cpu' and extra == 'extra-22-llm-zero-to-one-runner-gpu')" },
    { name = "jinja2", marker = "(sys_platform == 'darwin' and extra == 'extra-22-llm-zero-to-one-runner-cpu') or (extra == 'extra-22-llm-zero-to-one-runner-cpu' and extra == 'extra-22-llm-zero-to-one-runner-gpu')" },
    { name = "networkx", marker = "(sys_platform == 'darwin' and extra == 'extra-22-llm-zero-to-one-runner-cpu') or (extra == 'extra-22-llm-zero-to-one-runner-cpu' and extra == 'extra-22-llm-zero-to-one-runner-gpu')" },
    { name = "setuptools", marker = "(sys_platform == 'darwin' and extra == 'extra-22-llm-zero-to-one-runner-cpu') or (extra == 'extra-22-llm-zero-to-one-runner-cpu' and extra == 'extra-22-llm-zero-to-one-runner-gpu')" },
    { name = "sympy", marker = "(sys_platform == 'darwin' and extra == 'extra-22-llm-zero-to-one-runner-cpu') or (extra == 'extra-22-llm-zero-to-one-runner-cpu' and extra == 'extra-22-llm-zero-to-one-runner-gpu')" },
    { name = "typing-extensions", marker = "(sys_platform == 'darwin' and extra == 'extra-22-llm-zero-to-one-runner-cpu') or (extra == 'extra-22-llm-zero-to-one-runner-cpu' and extra == 'extra-22-llm-zero-to-one-runner-gpu')" },
]
wheels = [
    { url = "https://download-r2.pytorch.org/whl/cpu/torch-2.9.1-cp312-none-macosx_11_0_arm64.whl", hash = "sha256:287242dd1f830846098b5eca847f817aa5c6015ea57ab4c1287809efea7b77eb", upload-time = "2026-01-23T15:12:43Z" },
]

[[package]]
name = "torch"
version = "2.9.1+cpu"
source = { registry = "https://download.pytorch.org/whl/cpu" }
resolution-markers = [
    "sys_platform != 'darwin'",
]
dependencies = [
    { name = "filelock", marker = "(sys_platform != 'darwin' and extra == 'extra-22-llm-zero-to-one-runner-cpu') or (extra == 'extra-22-llm-zero-to-one-runner-cpu' and extra == 'extra-22-llm-zero-to-one-runner-gpu')" },
    { name = "fsspec", marker = "(sys_platform != 'darwin' and extra == 'extra-22-llm-zero-to-one-runner-cpu') or (extra == 'extra-22-llm-zero-to-one-runner-cpu' and extra == 'extra-22-llm-zero-to-one-runner-gpu')" },
    { name = "jinja2", marker = "(sys_platform != 'darwin' and extra == 'extra-22-llm-zero-to-one-runner-cpu') or (extra == 'extra-22-llm-zero-to-one-runner-cpu' and extra == 'extra-22-llm-zero-to-one-runner-gpu')" },
    { name = "networkx", marker = "(sys_platform != 'darwin' and extra == 'extra-22-llm-zero-to-one-runner-cpu') or (extra == 'extra-22-llm-zero-to-one-runner-cpu' and extra == 'extra-22-llm-zero-to-one-runner-gpu')" },
    { name = "setuptools", marker = "(sys_platform != 'darwin' and extra == 'extra-22-llm-zero-to-one-runner-cpu') or (extra == 'extra-22-llm-zero-to-one-runner-cpu' and extra == 'extra-22-llm-zero-to-one-runner-gpu')" },
    { name = "sympy", marker = "(sys_platform != 'darwin' and extra == 'extra-22-llm-zero-to-one-runner-cpu') or (extra == 'extra-22-llm-zero-to-one-runner-cpu' and extra == 'extra-22-llm-zero-to-one-runner-gpu')" },
    { name = "typing-extensions", marker = "(sys_platform != 'darwin' and extra == 'extra-22-llm-zero-to-one-runner-cpu') or (extra == 'extra-22-llm-zero-to-one-runner-cpu' and extra == 'extra-22-llm-zero-to-one-runner-gpu')" },
]
wheels = [
    { url = "https://download-r2.pytorch.org/whl/cpu/torch-2.9.1%2Bcpu-cp312-cp312-manylinux_2_28_aarch64.whl", hash = "sha256:3bf9b442a51a2948e41216a76d7ab00f0694cfcaaa51b6f9bcab57b7f89843e6", upload-time = "2026-01-23T15:13:02Z" },
    { url = "https://download-r2.pytorch.org/whl/cpu/torch-2.9.1%2Bcpu-cp312-cp312-manylinux_2_28_x86_64.whl", hash = "sha256:7417d8c565f219d3455654cb431c6d892a3eb40246055e14d645422de13b9ea1", upload-time = "2026-01-23T15:13:04Z" },
    { url = "https://download-r2.pytorch.org/whl/cpu/torch-2.9.1%2Bcpu-cp312-cp312-win_amd64.whl", hash = "sha256:a4e06b4f441675d26b462123c8a83e77c55f1ec8ebc081203be2db1ea8054add", upload-time = "2026-01-23T15:13:06Z" },
    { url = "https://download-r2.pytorch.org/whl/cpu/torch-2.9.1%2Bcpu-cp312-cp312-win_arm64.whl", hash = "sha256:1abe31f14b560c1f062699e966cb08ef5b67518a1cfac2d8547a3dbcd8387b06", upload-time = "2026-01-23T15:13:08Z" },
]

[[package]]
name = "torch"
version = "2.9.1+cu128"
source = { registry = "https://download.pytorch.org/whl/cu128" }
dependencies = [
    { name = "filelock" },
    { name = "fsspec" },
    { name = "jinja2" },
    { name = "networkx" },
    { name = "nvidia-cublas-cu12", marker = "(sys_platform == 'linux' and extra != 'extra-22-llm-zero-to-one-runner-cpu') or (extra == 'extra-22-llm-zero-to-one-runner-cpu' and extra == 'extra-22-llm-zero-to-one-runner-gpu')" },
    { name = "nvidia-cuda-cupti-cu12", marker = "(sys_platform == 'linux' and extra != 'extra-22-llm-zero-to-one-runner-cpu') or (extra == 'extra-22-llm-zero-to-one-runner-cpu' and extra == 'extra-22-llm-zero-to-one-runner-gpu')" },
    { name = "nvidia-cuda-nvrtc-cu12", marker = "(sys_platform == 'linux' and extra != 'extra-22-llm-zero-to-one-runner-cpu') or (extra == 'extra-22-llm-zero-to-one-runner-cpu' and extra == 'extra-22-llm-zero-to-one-runner-gpu')" },
    { name = "nvidia-cuda-runtime-cu12", marker = "(sys_platform == 'linux' and extra != 'extra-22-llm-zero-to-one-runner-cpu') or (extra == 'extra-22-llm-zero-to-one-runner-cpu' and extra == 'extra-22-llm-zero-to-one-runner-gpu')" },
    { name = "nvidia-cudnn-cu12", marker = "(sys_platform == 'linux' and extra != 'extra-22-llm-zero-to-one-runner-cpu') or (extra == 'extra-22-llm-zero-to-one-runner-cpu' and extra == 'extra-22-llm-zero-to-one-runner-gpu')" },
    { name = "nvidia-cufft-cu12", marker = "(sys_platform == 'linux' and extra != 'extra-22-llm-zero-to-one-runner-cpu') or (extra == 'extra-22-llm-zero-to-one-runner-cpu' and extra == 'extra-22-llm-zero-to-one-runner-gpu')" },
    { name = "nvidia-cufile-cu12", marker = "(sys_platform == 'linux' and extra != 'extra-22-llm-zero-to-one-runner-cpu') or (extra == 'extra-22-llm-zero-to-one-runner-cpu' and extra == 'extra-22-llm-zero-to-one-runner-gpu')" },
    { name = "nvidia-curand-cu12", marker = "(sys_platform == 'linux' and extra != 'extra-22-llm-zero-to-one-runner-cpu') or (extra == 'extra-22-llm-zero-to-one-runner-cpu' and extra == 'extra-22-llm-zero-to-one-runner-gpu')" },
    { name = "nvidia-cusolver-cu12", marker = "(sys_platform == 'linux' and extra != 'extra-22-llm-zero-to-one-runner-cpu') or (extra == 'extra-22-llm-zero-to-one-runner-cpu' and extra == 'extra-22-llm-zero-to-one-runner-gpu')" },
    { name = "nvidia-cusparse-cu12", marker = "(sys_platform == 'linux' and extra != 'extra-22-llm-zero-to-one-runner-cpu') or (extra == 'extra-22-llm-zero-to-one-runner-cpu' and extra == 'extra-22-llm-zero-to-one-runner-gpu')" },
    { name = "nvidia-cusparselt-cu12", marker = "(sys_platform == 'linux' and extra != 'extra-22-llm-zero-to-one-runner-cpu') or (extra == 'extra-22-llm-zero-to-one-runner-cpu' and extra == 'extra-22-llm-zero-to-one-runner-gpu')" },
    { name = "nvidia-nccl-cu12", marker = "(sys_platform == 'linux' and extra != 'extra-22-llm-zero-to-one-runner-cpu') or (extra == 'extra-22-llm-zero-to-one-runner-cpu' and extra == 'extra-22-llm-zero-to-one-runner-gpu')" },
    { name = "nvidia-nvjitlink-cu12", marker = "(sys_platform == 'linux' and extra != 'extra-22-llm-zero-to-one-runner-cpu') or (extra == 'extra-22-llm-zero-to-one-runner-cpu' and extra == 'extra-22-llm-zero-to-one-runner-gpu')" },
    { name = "nvidia-nvshmem-cu12", marker = "(sys_platform == 'linux' and extra != 'extra-22-llm-zero-to-one-runner-cpu') or (extra == 'extra-22-llm-zero-to-one-runner-cpu' and extra == 'extra-22-llm-zero-to-one-runner-gpu')" },
    { name = "nvidia-nvtx-cu12", marker = "(sys_platform == 'linux' and extra != 'extra-22-llm-zero-to-one-runner-cpu') or (extra == 'extra-22-llm-zero-to-one-runner-cpu' and extra == 'extra-22-llm-zero-to-one-runner-gpu')" },
    { name = "setuptools", marker = "extra == 'extra-22-llm-zero-to-one-runner-gpu' or extra != 'extra-22-llm-zero-to-one-runner-cpu'" },
    { name = "sympy" },
    { name = "triton", marker = "(sys_platform == 'linux' and extra != 'extra-22-llm-zero-to-one-runner-cpu') or (extra == 'extra-22-llm-zero-to-one-runner-cpu' and extra == 'extra-22-llm-zero-to-one-runner-gpu')" },
    { name = "typing-extensions" },
]
wheels = [
    { url = "https://download-r2.pytorch.org/whl/cu128/torch-2.9.1%2Bcu128-cp312-cp312-manylinux_2_28_aarch64.whl", hash = "sha256:1176f250311fa95cc3bca8077af323e0d73ea385ba266e096af82e7e2b91f256", upload-time = "2026-01-26T16:54:14Z" },
    { url = "https://download-r2.pytorch.org/whl/cu128/torch-2.9.1%2Bcu128-cp312-cp312-manylinux_2_28_x86_64.whl", hash = "sha256:7cb4018f4ce68b61fd3ef87dc1c4ca520731c7b5b200e360ad47b612d7844063", upload-time = "2026-01-26T16:54:25Z" },
    { url = "https://download-r2.pytorch.org/whl/cu128/torch-2.9.1%2Bcu128-cp312-cp312-win_amd64.whl", hash = "sha256:3a01f0b64c10a82d444d9fd06b3e8c567b1158b76b2764b8f51bfd8f535064b0", upload-time = "2026-01-26T16:54:32Z" },
]

[[package]]
name = "triton"
version = "3.5.1"
source = { registry = "https://download.pytorch.org/whl/cu128" }
wheels = [
    { url = "https://download-r2.pytorch.org/whl/triton-3.5.1-cp312-cp312-manylinux_2_27_aarch64.manylinux_2_28_aarch64.whl", hash = "sha256:c5224dca158c1e0eb235e3c708bd19cefa968bad43d2fbb94b1d5fa397ebf5c5", upload-time = "2026-01-22T23:20:46Z" },
    { url = "https://download-r2.pytorch.org/whl/triton-3.5.1-cp312-cp312-manylinux_2_27_x86_64.manylinux_2_28_x86_64.whl", hash = "sha256:8ce9bcedbd12b393d1309fb899e06818624c7e7765c5231ea5749850015c74d8", upload-time = "2026-01-22T23:20:53Z" },
]

[[package]]
name = "typing-extensions"
version = "4.16.0"
source = { registry = "https://download.pytorch.org/whl/cu128" }
sdist = { url = "https://files.pythonhosted.org/packages/f6/cc/6253133b5bb138fc3306cebfbda2c520f545d36b5be2c7255cc528bb45d6/typing_extensions-4.16.0.tar.gz", hash = "sha256:dc983d19a509c94dba722ee6abd33940f7c05a89e243c47e907eb4db6f1a43e5" }
wheels = [
    { url = "https://files.pythonhosted.org/packages/49/d3/b8441a820a491ddfc024b0b0cf0393375b75ea13866d9c66727e54c2fc80/typing_extensions-4.16.0-py3-none-any.whl", hash = "sha256:481caa481374e813c1b176ada14e97f1f67a4539ce9cfeb3f350d78d6370c2e8" },
]
